
Microsoft Visual Studio Solution File, Format Version 12.00
# Visual Studio Version 17
VisualStudioVersion = 17.0.32112.339
MinimumVisualStudioVersion = 10.0.40219.1
Project("{FAE04EC0-301F-11D3-BF4B-00C04F79EFBC}") = "MetalBase.Android", "MetalBase\MetalBase.Android\MetalBase.Android.csproj", "{D64841B3-94A7-45B5-A198-29F9FD110B7C}"
EndProject
Project("{FAE04EC0-301F-11D3-BF4B-00C04F79EFBC}") = "MetalBase.iOS", "MetalBase\MetalBase.iOS\MetalBase.iOS.csproj", "{9CEBAD1D-D0BD-4FE6-B4A7-C3445BC035E7}"
EndProject
Project("{FAE04EC0-301F-11D3-BF4B-00C04F79EFBC}") = "MetalBase", "MetalBase\MetalBase\MetalBase.csproj", "{FF401824-E521-4FCE-8DA5-E676BB022A85}"
EndProject
Global
	GlobalSection(SolutionConfigurationPlatforms) = preSolution
		Debug|Any CPU = Debug|Any CPU
		Debug|iPhone = Debug|iPhone
		Debug|iPhoneSimulator = Debug|iPhoneSimulator
		Release|Any CPU = Release|Any CPU
		Release|iPhone = Release|iPhone
		Release|iPhoneSimulator = Release|iPhoneSimulator
	EndGlobalSection
	GlobalSection(ProjectConfigurationPlatforms) = postSolution
		{D64841B3-94A7-45B5-A198-29F9FD110B7C}.Debug|Any CPU.ActiveCfg = Debug|Any CPU
		{D64841B3-94A7-45B5-A198-29F9FD110B7C}.Debug|Any CPU.Build.0 = Debug|Any CPU
		{D64841B3-94A7-45B5-A198-29F9FD110B7C}.Debug|Any CPU.Deploy.0 = Debug|Any CPU
		{D64841B3-94A7-45B5-A198-29F9FD110B7C}.Debug|iPhone.ActiveCfg = Debug|Any CPU
		{D64841B3-94A7-45B5-A198-29F9FD110B7C}.Debug|iPhone.Build.0 = Debug|Any CPU
		{D64841B3-94A7-45B5-A198-29F9FD110B7C}.Debug|iPhone.Deploy.0 = Debug|Any CPU
		{D64841B3-94A7-45B5-A198-29F9FD110B7C}.Debug|iPhoneSimulator.ActiveCfg = Debug|Any CPU
		{D64841B3-94A7-45B5-A198-29F9FD110B7C}.Debug|iPhoneSimulator.Build.0 = Debug|Any CPU
		{D64841B3-94A7-45B5-A198-29F9FD110B7C}.Debug|iPhoneSimulator.Deploy.0 = Debug|Any CPU
		{D64841B3-94A7-45B5-A198-29F9FD110B7C}.Release|Any CPU.ActiveCfg = Release|Any CPU
		{D64841B3-94A7-45B5-A198-29F9FD110B7C}.Release|Any CPU.Build.0 = Release|Any CPU
		{D64841B3-94A7-45B5-A198-29F9FD110B7C}.Release|Any CPU.Deploy.0 = Release|Any CPU
		{D64841B3-94A7-45B5-A198-29F9FD110B7C}.Release|iPhone.ActiveCfg = Release|Any CPU
		{D64841B3-94A7-45B5-A198-29F9FD110B7C}.Release|iPhone.Build.0 = Release|Any CPU
		{D64841B3-94A7-45B5-A198-29F9FD110B7C}.Release|iPhone.Deploy.0 = Release|Any CPU
		{D64841B3-94A7-45B5-A198-29F9FD110B7C}.Release|iPhoneSimulator.ActiveCfg = Release|Any CPU
		{D64841B3-94A7-45B5-A198-29F9FD110B7C}.Release|iPhoneSimulator.Build.0 = Release|Any CPU
		{D64841B3-94A7-45B5-A198-29F9FD110B7C}.Release|iPhoneSimulator.Deploy.0 = Release|Any CPU
		{9CEBAD1D-D0BD-4FE6-B4A7-C3445BC035E7}.Debug|Any CPU.ActiveCfg = Debug|iPhone
		{9CEBAD1D-D0BD-4FE6-B4A7-C3445BC035E7}.Debug|Any CPU.Build.0 = Debug|iPhone
		{9CEBAD1D-D0BD-4FE6-B4A7-C3445BC035E7}.Debug|Any CPU.Deploy.0 = Debug|iPhone
		{9CEBAD1D-D0BD-4FE6-B4A7-C3445BC035E7}.Debug|iPhone.ActiveCfg = Debug|iPhone
		{9CEBAD1D-D0BD-4FE6-B4A7-C3445BC035E7}.Debug|iPhone.Build.0 = Debug|iPhone
		{9CEBAD1D-D0BD-4FE6-B4A7-C3445BC035E7}.Debug|iPhone.Deploy.0 = Debug|iPhone
		{9CEBAD1D-D0BD-4FE6-B4A7-C3445BC035E7}.Debug|iPhoneSimulator.ActiveCfg = Debug|iPhoneSimulator
		{9CEBAD1D-D0BD-4FE6-B4A7-C3445BC035E7}.Debug|iPhoneSimulator.Build.0 = Debug|iPhoneSimulator
		{9CEBAD1D-D0BD-4FE6-B4A7-C3445BC035E7}.Debug|iPhoneSimulator.Deploy.0 = Debug|iPhoneSimulator
		{9CEBAD1D-D0BD-4FE6-B4A7-C3445BC035E7}.Release|Any CPU.ActiveCfg = Release|iPhoneSimulator
		{9CEBAD1D-D0BD-4FE6-B4A7-C3445BC035E7}.Release|Any CPU.Build.0 = Release|iPhoneSimulator
		{9CEBAD1D-D0BD-4FE6-B4A7-C3445BC035E7}.Release|Any CPU.Deploy.0 = Release|iPhoneSimulator
		{9CEBAD1D-D0BD-4FE6-B4A7-C3445BC035E7}.Release|iPhone.ActiveCfg = Release|iPhone
		{9CEBAD1D-D0BD-4FE6-B4A7-C3445BC035E7}.Release|iPhone.Build.0 = Release|iPhone
		{9CEBAD1D-D0BD-4FE6-B4A7-C3445BC035E7}.Release|iPhone.Deploy.0 = Release|iPhone
		{9CEBAD1D-D0BD-4FE6-B4A7-C3445BC035E7}.Release|iPhoneSimulator.ActiveCfg = Release|iPhoneSimulator
		{9CEBAD1D-D0BD-4FE6-B4A7-C3445BC035E7}.Release|iPhoneSimulator.Build.0 = Release|iPhoneSimulator
		{9CEBAD1D-D0BD-4FE6-B4A7-C3445BC035E7}.Release|iPhoneSimulator.Deploy.0 = Release|iPhoneSimulator
		{FF401824-E521-4FCE-8DA5-E676BB022A85}.Debug|Any CPU.ActiveCfg = Debug|Any CPU
		{FF401824-E521-4FCE-8DA5-E676BB022A85}.Debug|Any CPU.Build.0 = Debug|Any CPU
		{FF401824-E521-4FCE-8DA5-E676BB022A85}.Debug|Any CPU.Deploy.0 = Debug|Any CPU
		{FF401824-E521-4FCE-8DA5-E676BB022A85}.Debug|iPhone.ActiveCfg = Debug|Any CPU
		{FF401824-E521-4FCE-8DA5-E676BB022A85}.Debug|iPhone.Build.0 = Debug|Any CPU
		{FF401824-E521-4FCE-8DA5-E676BB022A85}.Debug|iPhone.Deploy.0 = Debug|Any CPU
		{FF401824-E521-4FCE-8DA5-E676BB022A85}.Debug|iPhoneSimulator.ActiveCfg = Debug|Any CPU
		{FF401824-E521-4FCE-8DA5-E676BB022A85}.Debug|iPhoneSimulator.Build.0 = Debug|Any CPU
		{FF401824-E521-4FCE-8DA5-E676BB022A85}.Debug|iPhoneSimulator.Deploy.0 = Debug|Any CPU
		{FF401824-E521-4FCE-8DA5-E676BB022A85}.Release|Any CPU.ActiveCfg = Release|Any CPU
		{FF401824-E521-4FCE-8DA5-E676BB022A85}.Release|Any CPU.Build.0 = Release|Any CPU
		{FF401824-E521-4FCE-8DA5-E676BB022A85}.Release|Any CPU.Deploy.0 = Release|Any CPU
		{FF401824-E521-4FCE-8DA5-E676BB022A85}.Release|iPhone.ActiveCfg = Release|Any CPU
		{FF401824-E521-4FCE-8DA5-E676BB022A85}.Release|iPhone.Build.0 = Release|Any CPU
		{FF401824-E521-4FCE-8DA5-E676BB022A85}.Release|iPhone.Deploy.0 = Release|Any CPU
		{FF401824-E521-4FCE-8DA5-E676BB022A85}.Release|iPhoneSimulator.ActiveCfg = Release|Any CPU
		{FF401824-E521-4FCE-8DA5-E676BB022A85}.Release|iPhoneSimulator.Build.0 = Release|Any CPU
		{FF401824-E521-4FCE-8DA5-E676BB022A85}.Release|iPhoneSimulator.Deploy.0 = Release|Any CPU
	EndGlobalSection
	GlobalSection(SolutionProperties) = preSolution
		HideSolutionNode = FALSE
	EndGlobalSection
	GlobalSection(ExtensibilityGlobals) = postSolution
		SolutionGuid = {C701D166-6035-4CC8-ADC3-CCBFDDDFB0C3}
	EndGlobalSection
EndGlobal
